
Microsoft Visual Studio Solution File, Format Version 12.00
# Visual Studio Version 17
VisualStudioVersion = 17.8.34728.176
MinimumVisualStudioVersion = 10.0.40219.1
Project("{FAE04EC0-301F-11D3-BF4B-00C04F79EFBC}") = "LojaImpacta", "LojaImpacta\LojaImpacta.csproj", "{73006D59-AC68-43F8-A867-765058C86804}"
EndProject
Global
	GlobalSection(SolutionConfigurationPlatforms) = preSolution
		Debug|Any CPU = Debug|Any CPU
		Release|Any CPU = Release|Any CPU
	EndGlobalSection
	GlobalSection(ProjectConfigurationPlatforms) = postSolution
		{73006D59-AC68-43F8-A867-765058C86804}.Debug|Any CPU.ActiveCfg = Debug|Any CPU
		{73006D59-AC68-43F8-A867-765058C86804}.Debug|Any CPU.Build.0 = Debug|Any CPU
		{73006D59-AC68-43F8-A867-765058C86804}.Release|Any CPU.ActiveCfg = Release|Any CPU
		{73006D59-AC68-43F8-A867-765058C86804}.Release|Any CPU.Build.0 = Release|Any CPU
	EndGlobalSection
	GlobalSection(SolutionProperties) = preSolution
		HideSolutionNode = FALSE
	EndGlobalSection
	GlobalSection(ExtensibilityGlobals) = postSolution
		SolutionGuid = {DCD182EC-9BE5-4504-A926-761114893A77}
	EndGlobalSection
EndGlobal
